
Microsoft Visual Studio Solution File, Format Version 12.00
# Visual Studio Version 16
VisualStudioVersion = 16.0.31205.134
MinimumVisualStudioVersion = 10.0.40219.1
Project("{2150E333-8FDC-42A3-9474-1A3956D46DE8}") = "API", "API", "{3F732568-166F-47D3-8901-A286658E6D7A}"
EndProject
Project("{9A19103F-16F7-4668-BE54-9A1E7A4F7556}") = "APIWebApplication", "src\APIWebApplication\APIWebApplication.csproj", "{C596972D-FA1B-4274-BBD4-CDB888BF6DCD}"
EndProject
Global
	GlobalSection(SolutionConfigurationPlatforms) = preSolution
		Debug|Any CPU = Debug|Any CPU
		Release|Any CPU = Release|Any CPU
	EndGlobalSection
	GlobalSection(ProjectConfigurationPlatforms) = postSolution
		{C596972D-FA1B-4274-BBD4-CDB888BF6DCD}.Debug|Any CPU.ActiveCfg = Debug|Any CPU
		{C596972D-FA1B-4274-BBD4-CDB888BF6DCD}.Debug|Any CPU.Build.0 = Debug|Any CPU
		{C596972D-FA1B-4274-BBD4-CDB888BF6DCD}.Release|Any CPU.ActiveCfg = Release|Any CPU
		{C596972D-FA1B-4274-BBD4-CDB888BF6DCD}.Release|Any CPU.Build.0 = Release|Any CPU
	EndGlobalSection
	GlobalSection(SolutionProperties) = preSolution
		HideSolutionNode = FALSE
	EndGlobalSection
	GlobalSection(NestedProjects) = preSolution
		{C596972D-FA1B-4274-BBD4-CDB888BF6DCD} = {3F732568-166F-47D3-8901-A286658E6D7A}
	EndGlobalSection
	GlobalSection(ExtensibilityGlobals) = postSolution
		SolutionGuid = {0C297404-0084-4416-90D2-78A0015E45E1}
	EndGlobalSection
EndGlobal
